
Microsoft Visual Studio Solution File, Format Version 12.00
# Visual Studio Version 17
VisualStudioVersion = 17.9.34728.123
MinimumVisualStudioVersion = 10.0.40219.1
Project("{FAE04EC0-301F-11D3-BF4B-00C04F79EFBC}") = "ConfigurationReader", "ConfigurationReader.csproj", "{946A3116-48F5-487E-B12C-2B96F4EF02E1}"
EndProject
Global
	GlobalSection(SolutionConfigurationPlatforms) = preSolution
		Debug|Any CPU = Debug|Any CPU
		Release|Any CPU = Release|Any CPU
	EndGlobalSection
	GlobalSection(ProjectConfigurationPlatforms) = postSolution
		{946A3116-48F5-487E-B12C-2B96F4EF02E1}.Debug|Any CPU.ActiveCfg = Debug|Any CPU
		{946A3116-48F5-487E-B12C-2B96F4EF02E1}.Debug|Any CPU.Build.0 = Debug|Any CPU
		{946A3116-48F5-487E-B12C-2B96F4EF02E1}.Release|Any CPU.ActiveCfg = Release|Any CPU
		{946A3116-48F5-487E-B12C-2B96F4EF02E1}.Release|Any CPU.Build.0 = Release|Any CPU
	EndGlobalSection
	GlobalSection(SolutionProperties) = preSolution
		HideSolutionNode = FALSE
	EndGlobalSection
	GlobalSection(ExtensibilityGlobals) = postSolution
		SolutionGuid = {6961967D-6742-4DB5-9F9E-2D2C3978F74C}
	EndGlobalSection
EndGlobal
